
Microsoft Visual Studio Solution File, Format Version 12.00
# Visual Studio Version 16
VisualStudioVersion = 16.0.29102.190
MinimumVisualStudioVersion = 10.0.40219.1
Project("{9A19103F-16F7-4668-BE54-9A1E7A4F7556}") = "Workshop", "Workshop\Workshop.csproj", "{3A8FEA92-2E43-47A6-A76F-D4BE3D33DEDF}"
EndProject
Project("{9A19103F-16F7-4668-BE54-9A1E7A4F7556}") = "StructuresAndEnums", "StructuresAndEnums\StructuresAndEnums.csproj", "{56AAB660-80BA-4581-B119-CD9D9EDDE003}"
EndProject
Project("{FAE04EC0-301F-11D3-BF4B-00C04F79EFBC}") = "Exceptions", "Exceptions\Exceptions.csproj", "{B3000ED9-4A21-4842-B79F-BBAF414E4F77}"
EndProject
Global
	GlobalSection(SolutionConfigurationPlatforms) = preSolution
		Debug|Any CPU = Debug|Any CPU
		Release|Any CPU = Release|Any CPU
	EndGlobalSection
	GlobalSection(ProjectConfigurationPlatforms) = postSolution
		{3A8FEA92-2E43-47A6-A76F-D4BE3D33DEDF}.Debug|Any CPU.ActiveCfg = Debug|Any CPU
		{3A8FEA92-2E43-47A6-A76F-D4BE3D33DEDF}.Debug|Any CPU.Build.0 = Debug|Any CPU
		{3A8FEA92-2E43-47A6-A76F-D4BE3D33DEDF}.Release|Any CPU.ActiveCfg = Release|Any CPU
		{3A8FEA92-2E43-47A6-A76F-D4BE3D33DEDF}.Release|Any CPU.Build.0 = Release|Any CPU
		{56AAB660-80BA-4581-B119-CD9D9EDDE003}.Debug|Any CPU.ActiveCfg = Debug|Any CPU
		{56AAB660-80BA-4581-B119-CD9D9EDDE003}.Debug|Any CPU.Build.0 = Debug|Any CPU
		{56AAB660-80BA-4581-B119-CD9D9EDDE003}.Release|Any CPU.ActiveCfg = Release|Any CPU
		{56AAB660-80BA-4581-B119-CD9D9EDDE003}.Release|Any CPU.Build.0 = Release|Any CPU
		{B3000ED9-4A21-4842-B79F-BBAF414E4F77}.Debug|Any CPU.ActiveCfg = Debug|Any CPU
		{B3000ED9-4A21-4842-B79F-BBAF414E4F77}.Debug|Any CPU.Build.0 = Debug|Any CPU
		{B3000ED9-4A21-4842-B79F-BBAF414E4F77}.Release|Any CPU.ActiveCfg = Release|Any CPU
		{B3000ED9-4A21-4842-B79F-BBAF414E4F77}.Release|Any CPU.Build.0 = Release|Any CPU
	EndGlobalSection
	GlobalSection(SolutionProperties) = preSolution
		HideSolutionNode = FALSE
	EndGlobalSection
	GlobalSection(ExtensibilityGlobals) = postSolution
		SolutionGuid = {F2BC5B52-8DB0-4DFB-8D5C-EB13E7922499}
	EndGlobalSection
EndGlobal
